# THIS IS AN AUTOGENERATED FILE. DO NOT EDIT THIS FILE DIRECTLY.
# yarn lockfile v1


tabler-icons-react@^1.48.1:
  version "1.48.1"
  resolved "https://registry.yarnpkg.com/tabler-icons-react/-/tabler-icons-react-1.48.1.tgz#edf4718e7b444a79e33c261f735c639011b2b4eb"
  integrity sha512-TX12VEymcICeHOUd0f086JgMZhwogol36aTbEZBe4KnvHIjr7TyHFUUKkqydgPwjdJPEA+6Y1XOglJ9IGKVC5Q==
